
Microsoft Visual Studio Solution File, Format Version 12.00
# Visual Studio Version 17
VisualStudioVersion = 17.9.34902.65
MinimumVisualStudioVersion = 10.0.40219.1
Project("{2150E333-8FDC-42A3-9474-1A3956D46DE8}") = "ControlExample", "ControlExample", "{4A94C64B-1E0E-47C7-BD5A-2651C022E90E}"
EndProject
Project("{2150E333-8FDC-42A3-9474-1A3956D46DE8}") = "CoreExample", "CoreExample", "{F07A0833-B199-49B9-8B88-4473CDE5F48A}"
EndProject
Project("{FAE04EC0-301F-11D3-BF4B-00C04F79EFBC}") = "VIZCore3DX.Control.Basic", "ControlExample\VIZCore3DX.Control.Basic\VIZCore3DX.Control.Basic.csproj", "{D7C453E0-8A51-4E66-9623-BE4AF63585F4}"
EndProject
Project("{FAE04EC0-301F-11D3-BF4B-00C04F79EFBC}") = "VIZCore3DX.NET.Basic", "CoreExample\VIZCore3DX.NET.Basic\VIZCore3DX.NET.Basic.csproj", "{8607A9A9-BFBF-4DB0-8C04-5AF949A2E7DE}"
EndProject
Project("{FAE04EC0-301F-11D3-BF4B-00C04F79EFBC}") = "VIZCore3DX.NET.View", "CoreExample\VIZCore3DX.NET.View\VIZCore3DX.NET.View.csproj", "{CC60B55F-C55B-4B97-A1B8-7075FBDE04E9}"
EndProject
Global
	GlobalSection(SolutionConfigurationPlatforms) = preSolution
		Debug|Any CPU = Debug|Any CPU
		Release|Any CPU = Release|Any CPU
	EndGlobalSection
	GlobalSection(ProjectConfigurationPlatforms) = postSolution
		{D7C453E0-8A51-4E66-9623-BE4AF63585F4}.Debug|Any CPU.ActiveCfg = Debug|Any CPU
		{D7C453E0-8A51-4E66-9623-BE4AF63585F4}.Debug|Any CPU.Build.0 = Debug|Any CPU
		{D7C453E0-8A51-4E66-9623-BE4AF63585F4}.Release|Any CPU.ActiveCfg = Release|Any CPU
		{D7C453E0-8A51-4E66-9623-BE4AF63585F4}.Release|Any CPU.Build.0 = Release|Any CPU
		{8607A9A9-BFBF-4DB0-8C04-5AF949A2E7DE}.Debug|Any CPU.ActiveCfg = Debug|Any CPU
		{8607A9A9-BFBF-4DB0-8C04-5AF949A2E7DE}.Debug|Any CPU.Build.0 = Debug|Any CPU
		{8607A9A9-BFBF-4DB0-8C04-5AF949A2E7DE}.Release|Any CPU.ActiveCfg = Release|Any CPU
		{8607A9A9-BFBF-4DB0-8C04-5AF949A2E7DE}.Release|Any CPU.Build.0 = Release|Any CPU
		{CC60B55F-C55B-4B97-A1B8-7075FBDE04E9}.Debug|Any CPU.ActiveCfg = Debug|Any CPU
		{CC60B55F-C55B-4B97-A1B8-7075FBDE04E9}.Debug|Any CPU.Build.0 = Debug|Any CPU
		{CC60B55F-C55B-4B97-A1B8-7075FBDE04E9}.Release|Any CPU.ActiveCfg = Release|Any CPU
		{CC60B55F-C55B-4B97-A1B8-7075FBDE04E9}.Release|Any CPU.Build.0 = Release|Any CPU
	EndGlobalSection
	GlobalSection(SolutionProperties) = preSolution
		HideSolutionNode = FALSE
	EndGlobalSection
	GlobalSection(NestedProjects) = preSolution
		{D7C453E0-8A51-4E66-9623-BE4AF63585F4} = {4A94C64B-1E0E-47C7-BD5A-2651C022E90E}
		{8607A9A9-BFBF-4DB0-8C04-5AF949A2E7DE} = {F07A0833-B199-49B9-8B88-4473CDE5F48A}
		{CC60B55F-C55B-4B97-A1B8-7075FBDE04E9} = {F07A0833-B199-49B9-8B88-4473CDE5F48A}
	EndGlobalSection
	GlobalSection(ExtensibilityGlobals) = postSolution
		SolutionGuid = {C6F4C4F3-9324-4530-A853-29E8CDBED4B7}
	EndGlobalSection
EndGlobal
