
Microsoft Visual Studio Solution File, Format Version 12.00
# Visual Studio Version 17
VisualStudioVersion = 17.9.34902.65
MinimumVisualStudioVersion = 10.0.40219.1
Project("{FAE04EC0-301F-11D3-BF4B-00C04F79EFBC}") = "VIZCore3DX.Demo", "ControlExample\VIZCore3DX.Demo\VIZCore3DX.Demo.csproj", "{FA8E75BE-E1EA-47B2-AA34-4901D8D172F5}"
EndProject
Project("{FAE04EC0-301F-11D3-BF4B-00C04F79EFBC}") = "VIZCore3DX.NET.Demo", "CoreExample\VIZCore3DX.NET.Demo\VIZCore3DX.NET.Demo.csproj", "{E8D505AB-BEB8-423C-BB1F-E5C7F35F33E6}"
EndProject
Project("{2150E333-8FDC-42A3-9474-1A3956D46DE8}") = "ControlExample", "ControlExample", "{4A94C64B-1E0E-47C7-BD5A-2651C022E90E}"
EndProject
Project("{2150E333-8FDC-42A3-9474-1A3956D46DE8}") = "CoreExample", "CoreExample", "{F07A0833-B199-49B9-8B88-4473CDE5F48A}"
EndProject
Global
	GlobalSection(SolutionConfigurationPlatforms) = preSolution
		Debug|Any CPU = Debug|Any CPU
		Release|Any CPU = Release|Any CPU
	EndGlobalSection
	GlobalSection(ProjectConfigurationPlatforms) = postSolution
		{FA8E75BE-E1EA-47B2-AA34-4901D8D172F5}.Debug|Any CPU.ActiveCfg = Debug|Any CPU
		{FA8E75BE-E1EA-47B2-AA34-4901D8D172F5}.Debug|Any CPU.Build.0 = Debug|Any CPU
		{FA8E75BE-E1EA-47B2-AA34-4901D8D172F5}.Release|Any CPU.ActiveCfg = Release|Any CPU
		{FA8E75BE-E1EA-47B2-AA34-4901D8D172F5}.Release|Any CPU.Build.0 = Release|Any CPU
		{E8D505AB-BEB8-423C-BB1F-E5C7F35F33E6}.Debug|Any CPU.ActiveCfg = Debug|Any CPU
		{E8D505AB-BEB8-423C-BB1F-E5C7F35F33E6}.Debug|Any CPU.Build.0 = Debug|Any CPU
		{E8D505AB-BEB8-423C-BB1F-E5C7F35F33E6}.Release|Any CPU.ActiveCfg = Release|Any CPU
		{E8D505AB-BEB8-423C-BB1F-E5C7F35F33E6}.Release|Any CPU.Build.0 = Release|Any CPU
	EndGlobalSection
	GlobalSection(SolutionProperties) = preSolution
		HideSolutionNode = FALSE
	EndGlobalSection
	GlobalSection(NestedProjects) = preSolution
		{FA8E75BE-E1EA-47B2-AA34-4901D8D172F5} = {4A94C64B-1E0E-47C7-BD5A-2651C022E90E}
		{E8D505AB-BEB8-423C-BB1F-E5C7F35F33E6} = {F07A0833-B199-49B9-8B88-4473CDE5F48A}
	EndGlobalSection
	GlobalSection(ExtensibilityGlobals) = postSolution
		SolutionGuid = {C6F4C4F3-9324-4530-A853-29E8CDBED4B7}
	EndGlobalSection
EndGlobal
