
Microsoft Visual Studio Solution File, Format Version 12.00
# Visual Studio Version 17
VisualStudioVersion = 17.9.34902.65
MinimumVisualStudioVersion = 10.0.40219.1
Project("{FAE04EC0-301F-11D3-BF4B-00C04F79EFBC}") = "VIZCore3DX.NET.Demo", "VIZCore3DX.NET.Demo.csproj", "{E8D505AB-BEB8-423C-BB1F-E5C7F35F33E6}"
EndProject
Global
	GlobalSection(SolutionConfigurationPlatforms) = preSolution
		Debug|Any CPU = Debug|Any CPU
		Release|Any CPU = Release|Any CPU
	EndGlobalSection
	GlobalSection(ProjectConfigurationPlatforms) = postSolution
		{E8D505AB-BEB8-423C-BB1F-E5C7F35F33E6}.Debug|Any CPU.ActiveCfg = Debug|Any CPU
		{E8D505AB-BEB8-423C-BB1F-E5C7F35F33E6}.Debug|Any CPU.Build.0 = Debug|Any CPU
		{E8D505AB-BEB8-423C-BB1F-E5C7F35F33E6}.Release|Any CPU.ActiveCfg = Release|Any CPU
		{E8D505AB-BEB8-423C-BB1F-E5C7F35F33E6}.Release|Any CPU.Build.0 = Release|Any CPU
	EndGlobalSection
	GlobalSection(SolutionProperties) = preSolution
		HideSolutionNode = FALSE
	EndGlobalSection
	GlobalSection(ExtensibilityGlobals) = postSolution
		SolutionGuid = {6F857CAC-AC6B-40D3-A1D5-B2F1BA03EAB7}
	EndGlobalSection
EndGlobal
