
Microsoft Visual Studio Solution File, Format Version 12.00
# Visual Studio Version 17
VisualStudioVersion = 17.9.34902.65
MinimumVisualStudioVersion = 10.0.40219.1
Project("{FAE04EC0-301F-11D3-BF4B-00C04F79EFBC}") = "VIZCore3DX.Demo", "VIZCore3DX.Demo.csproj", "{FA8E75BE-E1EA-47B2-AA34-4901D8D172F5}"
EndProject
Global
	GlobalSection(SolutionConfigurationPlatforms) = preSolution
		Debug|Any CPU = Debug|Any CPU
		Release|Any CPU = Release|Any CPU
	EndGlobalSection
	GlobalSection(ProjectConfigurationPlatforms) = postSolution
		{FA8E75BE-E1EA-47B2-AA34-4901D8D172F5}.Debug|Any CPU.ActiveCfg = Debug|Any CPU
		{FA8E75BE-E1EA-47B2-AA34-4901D8D172F5}.Debug|Any CPU.Build.0 = Debug|Any CPU
		{FA8E75BE-E1EA-47B2-AA34-4901D8D172F5}.Release|Any CPU.ActiveCfg = Release|Any CPU
		{FA8E75BE-E1EA-47B2-AA34-4901D8D172F5}.Release|Any CPU.Build.0 = Release|Any CPU
	EndGlobalSection
	GlobalSection(SolutionProperties) = preSolution
		HideSolutionNode = FALSE
	EndGlobalSection
	GlobalSection(ExtensibilityGlobals) = postSolution
		SolutionGuid = {9189BBB3-D535-4261-93C1-32C04460BF52}
	EndGlobalSection
EndGlobal
